
Microsoft Visual Studio Solution File, Format Version 12.00
# Visual Studio Version 17
VisualStudioVersion = 17.13.35931.197
MinimumVisualStudioVersion = 10.0.40219.1
Project("{FAE04EC0-301F-11D3-BF4B-00C04F79EFBC}") = "SemanticKernelFuctionsPoC", "SemanticKernelFuctionsPoC\SemanticKernelFuctionsPoC.csproj", "{CEB6EB1F-2D0E-4A01-8F7B-E27AF608C816}"
EndProject
Project("{FAE04EC0-301F-11D3-BF4B-00C04F79EFBC}") = "TripsTestApi", "TripsTestApi\TripsTestApi.csproj", "{6A0E6821-F31C-4E9C-9BEB-8F5AEF19EE50}"
EndProject
Global
	GlobalSection(SolutionConfigurationPlatforms) = preSolution
		Debug|Any CPU = Debug|Any CPU
		Release|Any CPU = Release|Any CPU
	EndGlobalSection
	GlobalSection(ProjectConfigurationPlatforms) = postSolution
		{CEB6EB1F-2D0E-4A01-8F7B-E27AF608C816}.Debug|Any CPU.ActiveCfg = Debug|Any CPU
		{CEB6EB1F-2D0E-4A01-8F7B-E27AF608C816}.Debug|Any CPU.Build.0 = Debug|Any CPU
		{CEB6EB1F-2D0E-4A01-8F7B-E27AF608C816}.Release|Any CPU.ActiveCfg = Release|Any CPU
		{CEB6EB1F-2D0E-4A01-8F7B-E27AF608C816}.Release|Any CPU.Build.0 = Release|Any CPU
		{6A0E6821-F31C-4E9C-9BEB-8F5AEF19EE50}.Debug|Any CPU.ActiveCfg = Debug|Any CPU
		{6A0E6821-F31C-4E9C-9BEB-8F5AEF19EE50}.Debug|Any CPU.Build.0 = Debug|Any CPU
		{6A0E6821-F31C-4E9C-9BEB-8F5AEF19EE50}.Release|Any CPU.ActiveCfg = Release|Any CPU
		{6A0E6821-F31C-4E9C-9BEB-8F5AEF19EE50}.Release|Any CPU.Build.0 = Release|Any CPU
	EndGlobalSection
	GlobalSection(SolutionProperties) = preSolution
		HideSolutionNode = FALSE
	EndGlobalSection
	GlobalSection(ExtensibilityGlobals) = postSolution
		SolutionGuid = {A814F067-2B7A-45E4-A6FC-2344DD449830}
	EndGlobalSection
EndGlobal
